
Microsoft Visual Studio Solution File, Format Version 12.00
# Visual Studio 14
VisualStudioVersion = 14.0.25123.0
MinimumVisualStudioVersion = 10.0.40219.1
Project("{FAE04EC0-301F-11D3-BF4B-00C04F79EFBC}") = "LoggerEngine.UI", "LoggerEngine\LoggerEngine.UI.csproj", "{E724FF7B-307C-416B-97ED-A8993D9BAB68}"
EndProject
Project("{FAE04EC0-301F-11D3-BF4B-00C04F79EFBC}") = "LoggerEngine.Entities", "LoggerEngine.Entities\LoggerEngine.Entities.csproj", "{EC5075F7-345F-4AF0-B505-6F7B9C91F82F}"
EndProject
Project("{FAE04EC0-301F-11D3-BF4B-00C04F79EFBC}") = "LoggerEngine.Tests", "LoggerEngine.Tests\LoggerEngine.Tests.csproj", "{C97BED92-C420-4202-BB98-0B55E0F83821}"
EndProject
Project("{FAE04EC0-301F-11D3-BF4B-00C04F79EFBC}") = "LoggerEngine.AssemblyManager", "Logger.AssemblyManager\LoggerEngine.AssemblyManager.csproj", "{D8A6A71B-6975-4892-9A1D-E13323E18725}"
EndProject
Project("{FAE04EC0-301F-11D3-BF4B-00C04F79EFBC}") = "LoggerEngine.Controller", "LoggerEngine.Controller\LoggerEngine.Controller.csproj", "{C73CD6AB-E23D-45F9-85A1-FB20DF7E3CB3}"
EndProject
Project("{FAE04EC0-301F-11D3-BF4B-00C04F79EFBC}") = "LoggerEngine.Util", "LoggerEngine.Util\LoggerEngine.Util.csproj", "{B486BE2C-AF16-4D89-A7A6-CAD4C0F60656}"
EndProject
Global
	GlobalSection(SolutionConfigurationPlatforms) = preSolution
		Debug|Any CPU = Debug|Any CPU
		Release|Any CPU = Release|Any CPU
	EndGlobalSection
	GlobalSection(ProjectConfigurationPlatforms) = postSolution
		{E724FF7B-307C-416B-97ED-A8993D9BAB68}.Debug|Any CPU.ActiveCfg = Debug|Any CPU
		{E724FF7B-307C-416B-97ED-A8993D9BAB68}.Debug|Any CPU.Build.0 = Debug|Any CPU
		{E724FF7B-307C-416B-97ED-A8993D9BAB68}.Release|Any CPU.ActiveCfg = Release|Any CPU
		{E724FF7B-307C-416B-97ED-A8993D9BAB68}.Release|Any CPU.Build.0 = Release|Any CPU
		{EC5075F7-345F-4AF0-B505-6F7B9C91F82F}.Debug|Any CPU.ActiveCfg = Debug|Any CPU
		{EC5075F7-345F-4AF0-B505-6F7B9C91F82F}.Debug|Any CPU.Build.0 = Debug|Any CPU
		{EC5075F7-345F-4AF0-B505-6F7B9C91F82F}.Release|Any CPU.ActiveCfg = Release|Any CPU
		{EC5075F7-345F-4AF0-B505-6F7B9C91F82F}.Release|Any CPU.Build.0 = Release|Any CPU
		{C97BED92-C420-4202-BB98-0B55E0F83821}.Debug|Any CPU.ActiveCfg = Debug|Any CPU
		{C97BED92-C420-4202-BB98-0B55E0F83821}.Debug|Any CPU.Build.0 = Debug|Any CPU
		{C97BED92-C420-4202-BB98-0B55E0F83821}.Release|Any CPU.ActiveCfg = Release|Any CPU
		{C97BED92-C420-4202-BB98-0B55E0F83821}.Release|Any CPU.Build.0 = Release|Any CPU
		{D8A6A71B-6975-4892-9A1D-E13323E18725}.Debug|Any CPU.ActiveCfg = Debug|Any CPU
		{D8A6A71B-6975-4892-9A1D-E13323E18725}.Debug|Any CPU.Build.0 = Debug|Any CPU
		{D8A6A71B-6975-4892-9A1D-E13323E18725}.Release|Any CPU.ActiveCfg = Release|Any CPU
		{D8A6A71B-6975-4892-9A1D-E13323E18725}.Release|Any CPU.Build.0 = Release|Any CPU
		{C73CD6AB-E23D-45F9-85A1-FB20DF7E3CB3}.Debug|Any CPU.ActiveCfg = Debug|Any CPU
		{C73CD6AB-E23D-45F9-85A1-FB20DF7E3CB3}.Debug|Any CPU.Build.0 = Debug|Any CPU
		{C73CD6AB-E23D-45F9-85A1-FB20DF7E3CB3}.Release|Any CPU.ActiveCfg = Release|Any CPU
		{C73CD6AB-E23D-45F9-85A1-FB20DF7E3CB3}.Release|Any CPU.Build.0 = Release|Any CPU
		{B486BE2C-AF16-4D89-A7A6-CAD4C0F60656}.Debug|Any CPU.ActiveCfg = Debug|Any CPU
		{B486BE2C-AF16-4D89-A7A6-CAD4C0F60656}.Debug|Any CPU.Build.0 = Debug|Any CPU
		{B486BE2C-AF16-4D89-A7A6-CAD4C0F60656}.Release|Any CPU.ActiveCfg = Release|Any CPU
		{B486BE2C-AF16-4D89-A7A6-CAD4C0F60656}.Release|Any CPU.Build.0 = Release|Any CPU
	EndGlobalSection
	GlobalSection(SolutionProperties) = preSolution
		HideSolutionNode = FALSE
	EndGlobalSection
EndGlobal
